
Microsoft Visual Studio Solution File, Format Version 12.00
# Visual Studio 15
VisualStudioVersion = 15.0.28307.168
MinimumVisualStudioVersion = 10.0.40219.1
Project("{8BC9CEB8-8B4A-11D0-8D11-00A0C91BC942}") = "TextureMapping", "TextureMapping\TextureMapping.vcxproj", "{62E1290A-1A6A-4CD2-8D60-C35C2CF311C1}"
EndProject
Global
	GlobalSection(SolutionConfigurationPlatforms) = preSolution
		Debug|x64 = Debug|x64
		Debug|x86 = Debug|x86
		Release|x64 = Release|x64
		Release|x86 = Release|x86
	EndGlobalSection
	GlobalSection(ProjectConfigurationPlatforms) = postSolution
		{62E1290A-1A6A-4CD2-8D60-C35C2CF311C1}.Debug|x64.ActiveCfg = Debug|x64
		{62E1290A-1A6A-4CD2-8D60-C35C2CF311C1}.Debug|x64.Build.0 = Debug|x64
		{62E1290A-1A6A-4CD2-8D60-C35C2CF311C1}.Debug|x86.ActiveCfg = Debug|Win32
		{62E1290A-1A6A-4CD2-8D60-C35C2CF311C1}.Debug|x86.Build.0 = Debug|Win32
		{62E1290A-1A6A-4CD2-8D60-C35C2CF311C1}.Release|x64.ActiveCfg = Release|x64
		{62E1290A-1A6A-4CD2-8D60-C35C2CF311C1}.Release|x64.Build.0 = Release|x64
		{62E1290A-1A6A-4CD2-8D60-C35C2CF311C1}.Release|x86.ActiveCfg = Release|Win32
		{62E1290A-1A6A-4CD2-8D60-C35C2CF311C1}.Release|x86.Build.0 = Release|Win32
	EndGlobalSection
	GlobalSection(SolutionProperties) = preSolution
		HideSolutionNode = FALSE
	EndGlobalSection
	GlobalSection(ExtensibilityGlobals) = postSolution
		SolutionGuid = {84FE8623-D151-4BA5-B794-F61A9B7A41A6}
	EndGlobalSection
EndGlobal
